{
  "name": "@org.metadatacenter/cedar-embeddable-editor",
  "version": "1.6.0-dev.20260804.85b7ccf",
  "lockfileVersion": 2,
  "requires": true,
  "packages": {
    "": {
      "name": "@org.metadatacenter/cedar-embeddable-editor",
      "version": "1.6.0-dev.20260804.85b7ccf",
      "license": "ISC",
      "devDependencies": {}
    }
  }
}
