{
  "name": "@org.metadatacenter/cedar-embeddable-editor",
  "version": "1.6.0-dev.20260806.62725e3",
  "lockfileVersion": 2,
  "requires": true,
  "packages": {
    "": {
      "name": "@org.metadatacenter/cedar-embeddable-editor",
      "version": "1.6.0-dev.20260806.62725e3",
      "license": "ISC"
    }
  }
}
